
Microsoft Visual Studio Solution File, Format Version 12.00
# Visual Studio Version 17
VisualStudioVersion = 17.5.33414.496
MinimumVisualStudioVersion = 10.0.40219.1
Project("{FAE04EC0-301F-11D3-BF4B-00C04F79EFBC}") = "HistoricalGuide", "HistoricalGuide\HistoricalGuide.csproj", "{5BE992F4-B86D-413D-B35D-0137DFB34737}"
EndProject
Global
	GlobalSection(SolutionConfigurationPlatforms) = preSolution
		Debug|Any CPU = Debug|Any CPU
		Release|Any CPU = Release|Any CPU
	EndGlobalSection
	GlobalSection(ProjectConfigurationPlatforms) = postSolution
		{5BE992F4-B86D-413D-B35D-0137DFB34737}.Debug|Any CPU.ActiveCfg = Debug|Any CPU
		{5BE992F4-B86D-413D-B35D-0137DFB34737}.Debug|Any CPU.Build.0 = Debug|Any CPU
		{5BE992F4-B86D-413D-B35D-0137DFB34737}.Release|Any CPU.ActiveCfg = Release|Any CPU
		{5BE992F4-B86D-413D-B35D-0137DFB34737}.Release|Any CPU.Build.0 = Release|Any CPU
	EndGlobalSection
	GlobalSection(SolutionProperties) = preSolution
		HideSolutionNode = FALSE
	EndGlobalSection
	GlobalSection(ExtensibilityGlobals) = postSolution
		SolutionGuid = {4775D93F-338A-45CA-8999-3C112765D2C8}
	EndGlobalSection
EndGlobal
